
Microsoft Visual Studio Solution File, Format Version 11.00
# Visual Studio 2010
Project("{8BC9CEB8-8B4A-11D0-8D11-00A0C91BC942}") = "ref", "ref\ref.vcxproj", "{CBCBC7E6-7FFC-48D3-A527-2FD39141B35C}"
EndProject
Global
	GlobalSection(SolutionConfigurationPlatforms) = preSolution
		Debug|Win32 = Debug|Win32
		Release|Win32 = Release|Win32
	EndGlobalSection
	GlobalSection(ProjectConfigurationPlatforms) = postSolution
		{CBCBC7E6-7FFC-48D3-A527-2FD39141B35C}.Debug|Win32.ActiveCfg = Debug|Win32
		{CBCBC7E6-7FFC-48D3-A527-2FD39141B35C}.Debug|Win32.Build.0 = Debug|Win32
		{CBCBC7E6-7FFC-48D3-A527-2FD39141B35C}.Release|Win32.ActiveCfg = Release|Win32
		{CBCBC7E6-7FFC-48D3-A527-2FD39141B35C}.Release|Win32.Build.0 = Release|Win32
	EndGlobalSection
	GlobalSection(SolutionProperties) = preSolution
		HideSolutionNode = FALSE
	EndGlobalSection
EndGlobal
